
Microsoft Visual Studio Solution File, Format Version 12.00
# Visual Studio 15
VisualStudioVersion = 15.0.27130.2024
MinimumVisualStudioVersion = 10.0.40219.1
Project("{FAE04EC0-301F-11D3-BF4B-00C04F79EFBC}") = "prj_04", "prj_04\prj_04.csproj", "{DC0FDB29-59D6-42DE-8922-974B977C92FF}"
EndProject
Project("{FAE04EC0-301F-11D3-BF4B-00C04F79EFBC}") = "lib_Point", "lib_Point\lib_Point.csproj", "{2EA597D4-9F8D-4585-84D7-2E4767809088}"
EndProject
Project("{FAE04EC0-301F-11D3-BF4B-00C04F79EFBC}") = "lib_NumberRows", "lib_NumberRows\lib_NumberRows.csproj", "{ADEC4573-1026-4318-A7A4-D5FE6ECB5F42}"
EndProject
Global
	GlobalSection(SolutionConfigurationPlatforms) = preSolution
		Debug|Any CPU = Debug|Any CPU
		Release|Any CPU = Release|Any CPU
	EndGlobalSection
	GlobalSection(ProjectConfigurationPlatforms) = postSolution
		{DC0FDB29-59D6-42DE-8922-974B977C92FF}.Debug|Any CPU.ActiveCfg = Debug|Any CPU
		{DC0FDB29-59D6-42DE-8922-974B977C92FF}.Debug|Any CPU.Build.0 = Debug|Any CPU
		{DC0FDB29-59D6-42DE-8922-974B977C92FF}.Release|Any CPU.ActiveCfg = Release|Any CPU
		{DC0FDB29-59D6-42DE-8922-974B977C92FF}.Release|Any CPU.Build.0 = Release|Any CPU
		{2EA597D4-9F8D-4585-84D7-2E4767809088}.Debug|Any CPU.ActiveCfg = Debug|Any CPU
		{2EA597D4-9F8D-4585-84D7-2E4767809088}.Debug|Any CPU.Build.0 = Debug|Any CPU
		{2EA597D4-9F8D-4585-84D7-2E4767809088}.Release|Any CPU.ActiveCfg = Release|Any CPU
		{2EA597D4-9F8D-4585-84D7-2E4767809088}.Release|Any CPU.Build.0 = Release|Any CPU
		{ADEC4573-1026-4318-A7A4-D5FE6ECB5F42}.Debug|Any CPU.ActiveCfg = Debug|Any CPU
		{ADEC4573-1026-4318-A7A4-D5FE6ECB5F42}.Debug|Any CPU.Build.0 = Debug|Any CPU
		{ADEC4573-1026-4318-A7A4-D5FE6ECB5F42}.Release|Any CPU.ActiveCfg = Release|Any CPU
		{ADEC4573-1026-4318-A7A4-D5FE6ECB5F42}.Release|Any CPU.Build.0 = Release|Any CPU
	EndGlobalSection
	GlobalSection(SolutionProperties) = preSolution
		HideSolutionNode = FALSE
	EndGlobalSection
	GlobalSection(ExtensibilityGlobals) = postSolution
		SolutionGuid = {2B559975-81DB-4B24-9936-D153165961E6}
	EndGlobalSection
EndGlobal
