
Microsoft Visual Studio Solution File, Format Version 12.00
# Visual Studio 15
VisualStudioVersion = 15.0.27130.2024
MinimumVisualStudioVersion = 10.0.40219.1
Project("{FAE04EC0-301F-11D3-BF4B-00C04F79EFBC}") = "linq", "prj_05\linq.csproj", "{29CBACA5-A4C0-4C9E-BDF8-1C309B5025D9}"
EndProject
Project("{FAE04EC0-301F-11D3-BF4B-00C04F79EFBC}") = "LINQtoXML", "LINQtoXML\LINQtoXML.csproj", "{0E0B0EE6-D0AD-4693-934A-11EF730924B4}"
EndProject
Project("{FAE04EC0-301F-11D3-BF4B-00C04F79EFBC}") = "LINQtoXMLTests", "LINQtoXMLTests\LINQtoXMLTests.csproj", "{1A22DFCF-3F1E-46D5-BC54-2E9F17420C97}"
EndProject
Global
	GlobalSection(SolutionConfigurationPlatforms) = preSolution
		Debug|Any CPU = Debug|Any CPU
		Release|Any CPU = Release|Any CPU
	EndGlobalSection
	GlobalSection(ProjectConfigurationPlatforms) = postSolution
		{29CBACA5-A4C0-4C9E-BDF8-1C309B5025D9}.Debug|Any CPU.ActiveCfg = Debug|Any CPU
		{29CBACA5-A4C0-4C9E-BDF8-1C309B5025D9}.Debug|Any CPU.Build.0 = Debug|Any CPU
		{29CBACA5-A4C0-4C9E-BDF8-1C309B5025D9}.Release|Any CPU.ActiveCfg = Release|Any CPU
		{29CBACA5-A4C0-4C9E-BDF8-1C309B5025D9}.Release|Any CPU.Build.0 = Release|Any CPU
		{0E0B0EE6-D0AD-4693-934A-11EF730924B4}.Debug|Any CPU.ActiveCfg = Debug|Any CPU
		{0E0B0EE6-D0AD-4693-934A-11EF730924B4}.Debug|Any CPU.Build.0 = Debug|Any CPU
		{0E0B0EE6-D0AD-4693-934A-11EF730924B4}.Release|Any CPU.ActiveCfg = Release|Any CPU
		{0E0B0EE6-D0AD-4693-934A-11EF730924B4}.Release|Any CPU.Build.0 = Release|Any CPU
		{1A22DFCF-3F1E-46D5-BC54-2E9F17420C97}.Debug|Any CPU.ActiveCfg = Debug|Any CPU
		{1A22DFCF-3F1E-46D5-BC54-2E9F17420C97}.Debug|Any CPU.Build.0 = Debug|Any CPU
		{1A22DFCF-3F1E-46D5-BC54-2E9F17420C97}.Release|Any CPU.ActiveCfg = Release|Any CPU
		{1A22DFCF-3F1E-46D5-BC54-2E9F17420C97}.Release|Any CPU.Build.0 = Release|Any CPU
	EndGlobalSection
	GlobalSection(SolutionProperties) = preSolution
		HideSolutionNode = FALSE
	EndGlobalSection
	GlobalSection(ExtensibilityGlobals) = postSolution
		SolutionGuid = {ADB5653A-24EA-4004-971C-401D0A01AA5F}
	EndGlobalSection
EndGlobal
